// !$*UTF8*$!
{
	archiveVersion = 1;
	classes = {
	};
	objectVersion = 50;
	objects = {

/* Begin PBXBuildFile section */
		2368D4EA217644DF0076C587 /* AppDelegate.swift in Sources */ = {isa = PBXBuildFile; fileRef = 2368D4E9217644DF0076C587 /* AppDelegate.swift */; };
		2368D4EC217644DF0076C587 /* ViewController.swift in Sources */ = {isa = PBXBuildFile; fileRef = 2368D4EB217644DF0076C587 /* ViewController.swift */; };
		2368D4EE217644E10076C587 /* Assets.xcassets in Resources */ = {isa = PBXBuildFile; fileRef = 2368D4ED217644E10076C587 /* Assets.xcassets */; };
		2368D4F1217644E10076C587 /* Main.storyboard in Resources */ = {isa = PBXBuildFile; fileRef = 2368D4EF217644E10076C587 /* Main.storyboard */; };
		2368D6CC217D42320076C587 /* libchilkatCocoa.a in Frameworks */ = {isa = PBXBuildFile; fileRef = 2368D6CB217D42310076C587 /* libchilkatCocoa.a */; };
/* End PBXBuildFile section */

/* Begin PBXFileReference section */
		2368D4E6217644DF0076C587 /* TestChilkatSwift.app */ = {isa = PBXFileReference; explicitFileType = wrapper.application; includeInIndex = 0; path = TestChilkatSwift.app; sourceTree = BUILT_PRODUCTS_DIR; };
		2368D4E9217644DF0076C587 /* AppDelegate.swift */ = {isa = PBXFileReference; lastKnownFileType = sourcecode.swift; path = AppDelegate.swift; sourceTree = "<group>"; };
		2368D4EB217644DF0076C587 /* ViewController.swift */ = {isa = PBXFileReference; lastKnownFileType = sourcecode.swift; path = ViewController.swift; sourceTree = "<group>"; };
		2368D4ED217644E10076C587 /* Assets.xcassets */ = {isa = PBXFileReference; lastKnownFileType = folder.assetcatalog; path = Assets.xcassets; sourceTree = "<group>"; };
		2368D4F0217644E10076C587 /* Base */ = {isa = PBXFileReference; lastKnownFileType = file.storyboard; name = Base; path = Base.lproj/Main.storyboard; sourceTree = "<group>"; };
		2368D4F2217644E10076C587 /* Info.plist */ = {isa = PBXFileReference; lastKnownFileType = text.plist.xml; path = Info.plist; sourceTree = "<group>"; };
		2368D4F3217644E10076C587 /* TestChilkatSwift.entitlements */ = {isa = PBXFileReference; lastKnownFileType = text.plist.entitlements; path = TestChilkatSwift.entitlements; sourceTree = "<group>"; };
		2368D4F921764B480076C587 /* TestChilkatSwift-Bridging-Header.h */ = {isa = PBXFileReference; lastKnownFileType = sourcecode.c.h; path = "TestChilkatSwift-Bridging-Header.h"; sourceTree = "<group>"; };
		2368D6CB217D42310076C587 /* libchilkatCocoa.a */ = {isa = PBXFileReference; lastKnownFileType = archive.ar; name = libchilkatCocoa.a; path = "TestChilkatSwift/chilkat-9.5.0-macosx-objc/lib/libchilkatCocoa.a"; sourceTree = "<group>"; };
/* End PBXFileReference section */

/* Begin PBXFrameworksBuildPhase section */
		2368D4E3217644DF0076C587 /* Frameworks */ = {
			isa = PBXFrameworksBuildPhase;
			buildActionMask = 2147483647;
			files = (
				2368D6CC217D42320076C587 /* libchilkatCocoa.a in Frameworks */,
			);
			runOnlyForDeploymentPostprocessing = 0;
		};
/* End PBXFrameworksBuildPhase section */

/* Begin PBXGroup section */
		2368D4DD217644DF0076C587 = {
			isa = PBXGroup;
			children = (
				2368D4E8217644DF0076C587 /* TestChilkatSwift */,
				2368D4E7217644DF0076C587 /* Products */,
				2368D6CA217D42310076C587 /* Frameworks */,
			);
			sourceTree = "<group>";
		};
		2368D4E7217644DF0076C587 /* Products */ = {
			isa = PBXGroup;
			children = (
				2368D4E6217644DF0076C587 /* TestChilkatSwift.app */,
			);
			name = Products;
			sourceTree = "<group>";
		};
		2368D4E8217644DF0076C587 /* TestChilkatSwift */ = {
			isa = PBXGroup;
			children = (
				2368D4E9217644DF0076C587 /* AppDelegate.swift */,
				2368D4ED217644E10076C587 /* Assets.xcassets */,
				2368D4F2217644E10076C587 /* Info.plist */,
				2368D4EF217644E10076C587 /* Main.storyboard */,
				2368D4F921764B480076C587 /* TestChilkatSwift-Bridging-Header.h */,
				2368D4F3217644E10076C587 /* TestChilkatSwift.entitlements */,
				2368D4EB217644DF0076C587 /* ViewController.swift */,
			);
			path = TestChilkatSwift;
			sourceTree = "<group>";
		};
		2368D6CA217D42310076C587 /* Frameworks */ = {
			isa = PBXGroup;
			children = (
				2368D6CB217D42310076C587 /* libchilkatCocoa.a */,
			);
			name = Frameworks;
			sourceTree = "<group>";
		};
/* End PBXGroup section */

/* Begin PBXNativeTarget section */
		2368D4E5217644DF0076C587 /* TestChilkatSwift */ = {
			isa = PBXNativeTarget;
			buildConfigurationList = 2368D4F6217644E10076C587 /* Build configuration list for PBXNativeTarget "TestChilkatSwift" */;
			buildPhases = (
				2368D4E2217644DF0076C587 /* Sources */,
				2368D4E3217644DF0076C587 /* Frameworks */,
				2368D4E4217644DF0076C587 /* Resources */,
			);
			buildRules = (
			);
			dependencies = (
			);
			name = TestChilkatSwift;
			productName = TestChilkatSwift;
			productReference = 2368D4E6217644DF0076C587 /* TestChilkatSwift.app */;
			productType = "com.apple.product-type.application";
		};
/* End PBXNativeTarget section */

/* Begin PBXProject section */
		2368D4DE217644DF0076C587 /* Project object */ = {
			isa = PBXProject;
			attributes = {
				LastSwiftUpdateCheck = 1000;
				LastUpgradeCheck = 1000;
				ORGANIZATIONNAME = "Chilkat Software";
				TargetAttributes = {
					2368D4E5217644DF0076C587 = {
						CreatedOnToolsVersion = 10.0;
						LastSwiftMigration = 1000;
					};
				};
			};
			buildConfigurationList = 2368D4E1217644DF0076C587 /* Build configuration list for PBXProject "TestChilkatSwift" */;
			compatibilityVersion = "Xcode 9.3";
			developmentRegion = en;
			hasScannedForEncodings = 0;
			knownRegions = (
				en,
				Base,
			);
			mainGroup = 2368D4DD217644DF0076C587;
			productRefGroup = 2368D4E7217644DF0076C587 /* Products */;
			projectDirPath = "";
			projectRoot = "";
			targets = (
				2368D4E5217644DF0076C587 /* TestChilkatSwift */,
			);
		};
/* End PBXProject section */

/* Begin PBXResourcesBuildPhase section */
		2368D4E4217644DF0076C587 /* Resources */ = {
			isa = PBXResourcesBuildPhase;
			buildActionMask = 2147483647;
			files = (
				2368D4EE217644E10076C587 /* Assets.xcassets in Resources */,
				2368D4F1217644E10076C587 /* Main.storyboard in Resources */,
			);
			runOnlyForDeploymentPostprocessing = 0;
		};
/* End PBXResourcesBuildPhase section */

/* Begin PBXSourcesBuildPhase section */
		2368D4E2217644DF0076C587 /* Sources */ = {
			isa = PBXSourcesBuildPhase;
			buildActionMask = 2147483647;
			files = (
				2368D4EC217644DF0076C587 /* ViewController.swift in Sources */,
				2368D4EA217644DF0076C587 /* AppDelegate.swift in Sources */,
			);
			runOnlyForDeploymentPostprocessing = 0;
		};
/* End PBXSourcesBuildPhase section */

/* Begin PBXVariantGroup section */
		2368D4EF217644E10076C587 /* Main.storyboard */ = {
			isa = PBXVariantGroup;
			children = (
				2368D4F0217644E10076C587 /* Base */,
			);
			name = Main.storyboard;
			sourceTree = "<group>";
		};
/* End PBXVariantGroup section */

/* Begin XCBuildConfiguration section */
		2368D4F4217644E10076C587 /* Debug */ = {
			isa = XCBuildConfiguration;
			buildSettings = {
				ALWAYS_SEARCH_USER_PATHS = NO;
				CLANG_ANALYZER_NONNULL = YES;
				CLANG_ANALYZER_NUMBER_OBJECT_CONVERSION = YES_AGGRESSIVE;
				CLANG_CXX_LANGUAGE_STANDARD = "gnu++14";
				CLANG_CXX_LIBRARY = "libc++";
				CLANG_ENABLE_MODULES = YES;
				CLANG_ENABLE_OBJC_ARC = YES;
				CLANG_ENABLE_OBJC_WEAK = YES;
				CLANG_WARN_BLOCK_CAPTURE_AUTORELEASING = YES;
				CLANG_WARN_BOOL_CONVERSION = YES;
				CLANG_WARN_COMMA = YES;
				CLANG_WARN_CONSTANT_CONVERSION = YES;
				CLANG_WARN_DEPRECATED_OBJC_IMPLEMENTATIONS = YES;
				CLANG_WARN_DIRECT_OBJC_ISA_USAGE = YES_ERROR;
				CLANG_WARN_DOCUMENTATION_COMMENTS = YES;
				CLANG_WARN_EMPTY_BODY = YES;
				CLANG_WARN_ENUM_CONVERSION = YES;
				CLANG_WARN_INFINITE_RECURSION = YES;
				CLANG_WARN_INT_CONVERSION = YES;
				CLANG_WARN_NON_LITERAL_NULL_CONVERSION = YES;
				CLANG_WARN_OBJC_IMPLICIT_RETAIN_SELF = YES;
				CLANG_WARN_OBJC_LITERAL_CONVERSION = YES;
				CLANG_WARN_OBJC_ROOT_CLASS = YES_ERROR;
				CLANG_WARN_RANGE_LOOP_ANALYSIS = YES;
				CLANG_WARN_STRICT_PROTOTYPES = YES;
				CLANG_WARN_SUSPICIOUS_MOVE = YES;
				CLANG_WARN_UNGUARDED_AVAILABILITY = YES_AGGRESSIVE;
				CLANG_WARN_UNREACHABLE_CODE = YES;
				CLANG_WARN__DUPLICATE_METHOD_MATCH = YES;
				CODE_SIGN_IDENTITY = "Mac Developer";
				COPY_PHASE_STRIP = NO;
				DEBUG_INFORMATION_FORMAT = dwarf;
				ENABLE_STRICT_OBJC_MSGSEND = YES;
				ENABLE_TESTABILITY = YES;
				GCC_C_LANGUAGE_STANDARD = gnu11;
				GCC_DYNAMIC_NO_PIC = NO;
				GCC_NO_COMMON_BLOCKS = YES;
				GCC_OPTIMIZATION_LEVEL = 0;
				GCC_PREPROCESSOR_DEFINITIONS = (
					"DEBUG=1",
					"$(inherited)",
				);
				GCC_WARN_64_TO_32_BIT_CONVERSION = YES;
				GCC_WARN_ABOUT_RETURN_TYPE = YES_ERROR;
				GCC_WARN_UNDECLARED_SELECTOR = YES;
				GCC_WARN_UNINITIALIZED_AUTOS = YES_AGGRESSIVE;
				GCC_WARN_UNUSED_FUNCTION = YES;
				GCC_WARN_UNUSED_VARIABLE = YES;
				MACOSX_DEPLOYMENT_TARGET = 10.13;
				MTL_ENABLE_DEBUG_INFO = INCLUDE_SOURCE;
				MTL_FAST_MATH = YES;
				ONLY_ACTIVE_ARCH = YES;
				SDKROOT = macosx;
				SWIFT_ACTIVE_COMPILATION_CONDITIONS = DEBUG;
				SWIFT_OPTIMIZATION_LEVEL = "-Onone";
			};
			name = Debug;
		};
		2368D4F5217644E10076C587 /* Release */ = {
			isa = XCBuildConfiguration;
			buildSettings = {
				ALWAYS_SEARCH_USER_PATHS = NO;
				CLANG_ANALYZER_NONNULL = YES;
				CLANG_ANALYZER_NUMBER_OBJECT_CONVERSION = YES_AGGRESSIVE;
				CLANG_CXX_LANGUAGE_STANDARD = "gnu++14";
				CLANG_CXX_LIBRARY = "libc++";
				CLANG_ENABLE_MODULES = YES;
				CLANG_ENABLE_OBJC_ARC = YES;
				CLANG_ENABLE_OBJC_WEAK = YES;
				CLANG_WARN_BLOCK_CAPTURE_AUTORELEASING = YES;
				CLANG_WARN_BOOL_CONVERSION = YES;
				CLANG_WARN_COMMA = YES;
				CLANG_WARN_CONSTANT_CONVERSION = YES;
				CLANG_WARN_DEPRECATED_OBJC_IMPLEMENTATIONS = YES;
				CLANG_WARN_DIRECT_OBJC_ISA_USAGE = YES_ERROR;
				CLANG_WARN_DOCUMENTATION_COMMENTS = YES;
				CLANG_WARN_EMPTY_BODY = YES;
				CLANG_WARN_ENUM_CONVERSION = YES;
				CLANG_WARN_INFINITE_RECURSION = YES;
				CLANG_WARN_INT_CONVERSION = YES;
				CLANG_WARN_NON_LITERAL_NULL_CONVERSION = YES;
				CLANG_WARN_OBJC_IMPLICIT_RETAIN_SELF = YES;
				CLANG_WARN_OBJC_LITERAL_CONVERSION = YES;
				CLANG_WARN_OBJC_ROOT_CLASS = YES_ERROR;
				CLANG_WARN_RANGE_LOOP_ANALYSIS = YES;
				CLANG_WARN_STRICT_PROTOTYPES = YES;
				CLANG_WARN_SUSPICIOUS_MOVE = YES;
				CLANG_WARN_UNGUARDED_AVAILABILITY = YES_AGGRESSIVE;
				CLANG_WARN_UNREACHABLE_CODE = YES;
				CLANG_WARN__DUPLICATE_METHOD_MATCH = YES;
				CODE_SIGN_IDENTITY = "Mac Developer";
				COPY_PHASE_STRIP = NO;
				DEBUG_INFORMATION_FORMAT = "dwarf-with-dsym";
				ENABLE_NS_ASSERTIONS = NO;
				ENABLE_STRICT_OBJC_MSGSEND = YES;
				GCC_C_LANGUAGE_STANDARD = gnu11;
				GCC_NO_COMMON_BLOCKS = YES;
				GCC_WARN_64_TO_32_BIT_CONVERSION = YES;
				GCC_WARN_ABOUT_RETURN_TYPE = YES_ERROR;
				GCC_WARN_UNDECLARED_SELECTOR = YES;
				GCC_WARN_UNINITIALIZED_AUTOS = YES_AGGRESSIVE;
				GCC_WARN_UNUSED_FUNCTION = YES;
				GCC_WARN_UNUSED_VARIABLE = YES;
				MACOSX_DEPLOYMENT_TARGET = 10.13;
				MTL_ENABLE_DEBUG_INFO = NO;
				MTL_FAST_MATH = YES;
				SDKROOT = macosx;
				SWIFT_COMPILATION_MODE = wholemodule;
				SWIFT_OPTIMIZATION_LEVEL = "-O";
			};
			name = Release;
		};
		2368D4F7217644E10076C587 /* Debug */ = {
			isa = XCBuildConfiguration;
			buildSettings = {
				ASSETCATALOG_COMPILER_APPICON_NAME = AppIcon;
				CLANG_ENABLE_MODULES = YES;
				CODE_SIGN_ENTITLEMENTS = TestChilkatSwift/TestChilkatSwift.entitlements;
				CODE_SIGN_STYLE = Automatic;
				COMBINE_HIDPI_IMAGES = YES;
				DEVELOPMENT_TEAM = QW2MA3M4A4;
				INFOPLIST_FILE = TestChilkatSwift/Info.plist;
				LD_RUNPATH_SEARCH_PATHS = (
					"$(inherited)",
					"@executable_path/../Frameworks",
				);
				LIBRARY_SEARCH_PATHS = (
					"$(inherited)",
					"$(PROJECT_DIR)/TestChilkatSwift/chilkat-9.5.0-macosx-objc/lib",
				);
				OTHER_LDFLAGS = (
					"-lresolv",
					"-lpthread",
					"-lstdc++",
				);
				PRODUCT_BUNDLE_IDENTIFIER = Chilkat.TestChilkatSwift;
				PRODUCT_NAME = "$(TARGET_NAME)";
				SWIFT_OBJC_BRIDGING_HEADER = "TestChilkatSwift/TestChilkatSwift-Bridging-Header.h";
				SWIFT_OPTIMIZATION_LEVEL = "-Onone";
				SWIFT_VERSION = 3.0;
			};
			name = Debug;
		};
		2368D4F8217644E10076C587 /* Release */ = {
			isa = XCBuildConfiguration;
			buildSettings = {
				ASSETCATALOG_COMPILER_APPICON_NAME = AppIcon;
				CLANG_ENABLE_MODULES = YES;
				CODE_SIGN_ENTITLEMENTS = TestChilkatSwift/TestChilkatSwift.entitlements;
				CODE_SIGN_STYLE = Automatic;
				COMBINE_HIDPI_IMAGES = YES;
				DEVELOPMENT_TEAM = QW2MA3M4A4;
				INFOPLIST_FILE = TestChilkatSwift/Info.plist;
				LD_RUNPATH_SEARCH_PATHS = (
					"$(inherited)",
					"@executable_path/../Frameworks",
				);
				LIBRARY_SEARCH_PATHS = (
					"$(inherited)",
					"$(PROJECT_DIR)/TestChilkatSwift/chilkat-9.5.0-macosx-objc/lib",
				);
				OTHER_LDFLAGS = (
					"-lresolv",
					"-lpthread",
					"-lstdc++",
				);
				PRODUCT_BUNDLE_IDENTIFIER = Chilkat.TestChilkatSwift;
				PRODUCT_NAME = "$(TARGET_NAME)";
				SWIFT_OBJC_BRIDGING_HEADER = "TestChilkatSwift/TestChilkatSwift-Bridging-Header.h";
				SWIFT_VERSION = 3.0;
			};
			name = Release;
		};
/* End XCBuildConfiguration section */

/* Begin XCConfigurationList section */
		2368D4E1217644DF0076C587 /* Build configuration list for PBXProject "TestChilkatSwift" */ = {
			isa = XCConfigurationList;
			buildConfigurations = (
				2368D4F4217644E10076C587 /* Debug */,
				2368D4F5217644E10076C587 /* Release */,
			);
			defaultConfigurationIsVisible = 0;
			defaultConfigurationName = Release;
		};
		2368D4F6217644E10076C587 /* Build configuration list for PBXNativeTarget "TestChilkatSwift" */ = {
			isa = XCConfigurationList;
			buildConfigurations = (
				2368D4F7217644E10076C587 /* Debug */,
				2368D4F8217644E10076C587 /* Release */,
			);
			defaultConfigurationIsVisible = 0;
			defaultConfigurationName = Release;
		};
/* End XCConfigurationList section */
	};
	rootObject = 2368D4DE217644DF0076C587 /* Project object */;
}
